
Microsoft Visual Studio Solution File, Format Version 12.00
# Visual Studio 14
VisualStudioVersion = 14.0.25420.1
MinimumVisualStudioVersion = 10.0.40219.1
Project("{FAE04EC0-301F-11D3-BF4B-00C04F79EFBC}") = "Space-it.Web", "space-it\Space-it.Web.csproj", "{53DEC7AA-FC59-4B3A-A966-4341ADA494BD}"
EndProject
Project("{FAE04EC0-301F-11D3-BF4B-00C04F79EFBC}") = "Space-it.Core", "space-it.Core\Space-it.Core.csproj", "{840509C6-6670-46D2-BEA9-2CE90006D477}"
EndProject
Global
	GlobalSection(SolutionConfigurationPlatforms) = preSolution
		Debug|Any CPU = Debug|Any CPU
		Release|Any CPU = Release|Any CPU
	EndGlobalSection
	GlobalSection(ProjectConfigurationPlatforms) = postSolution
		{53DEC7AA-FC59-4B3A-A966-4341ADA494BD}.Debug|Any CPU.ActiveCfg = Debug|Any CPU
		{53DEC7AA-FC59-4B3A-A966-4341ADA494BD}.Debug|Any CPU.Build.0 = Debug|Any CPU
		{53DEC7AA-FC59-4B3A-A966-4341ADA494BD}.Release|Any CPU.ActiveCfg = Release|Any CPU
		{53DEC7AA-FC59-4B3A-A966-4341ADA494BD}.Release|Any CPU.Build.0 = Release|Any CPU
		{840509C6-6670-46D2-BEA9-2CE90006D477}.Debug|Any CPU.ActiveCfg = Debug|Any CPU
		{840509C6-6670-46D2-BEA9-2CE90006D477}.Debug|Any CPU.Build.0 = Debug|Any CPU
		{840509C6-6670-46D2-BEA9-2CE90006D477}.Release|Any CPU.ActiveCfg = Release|Any CPU
		{840509C6-6670-46D2-BEA9-2CE90006D477}.Release|Any CPU.Build.0 = Release|Any CPU
	EndGlobalSection
	GlobalSection(SolutionProperties) = preSolution
		HideSolutionNode = FALSE
	EndGlobalSection
EndGlobal
